
Microsoft Visual Studio Solution File, Format Version 12.00
# Visual Studio Version 16
VisualStudioVersion = 16.0.29209.62
MinimumVisualStudioVersion = 10.0.40219.1
Project("{FAE04EC0-301F-11D3-BF4B-00C04F79EFBC}") = "ProjectImNotSureWhatItIS", "ProjectImNotSureWhatItIS\ProjectImNotSureWhatItIS.csproj", "{53C87A6C-C2F9-4A42-8C31-4D6C5ACABEAB}"
EndProject
Global
	GlobalSection(SolutionConfigurationPlatforms) = preSolution
		Debug|Any CPU = Debug|Any CPU
		Release|Any CPU = Release|Any CPU
	EndGlobalSection
	GlobalSection(ProjectConfigurationPlatforms) = postSolution
		{53C87A6C-C2F9-4A42-8C31-4D6C5ACABEAB}.Debug|Any CPU.ActiveCfg = Debug|Any CPU
		{53C87A6C-C2F9-4A42-8C31-4D6C5ACABEAB}.Debug|Any CPU.Build.0 = Debug|Any CPU
		{53C87A6C-C2F9-4A42-8C31-4D6C5ACABEAB}.Release|Any CPU.ActiveCfg = Release|Any CPU
		{53C87A6C-C2F9-4A42-8C31-4D6C5ACABEAB}.Release|Any CPU.Build.0 = Release|Any CPU
	EndGlobalSection
	GlobalSection(SolutionProperties) = preSolution
		HideSolutionNode = FALSE
	EndGlobalSection
	GlobalSection(ExtensibilityGlobals) = postSolution
		SolutionGuid = {52F9886F-58CC-4BD0-8AFB-BF81A3DF7AA7}
	EndGlobalSection
EndGlobal
